{
  "name": "god-tibo-text",
  "version": "0.1.0",
  "lockfileVersion": 3,
  "requires": true,
  "packages": {
    "": {
      "name": "god-tibo-text",
      "version": "0.1.0",
      "license": "MIT",
      "bin": {
        "gtt": "src/cli.js"
      },
      "engines": {
        "node": ">=20"
      }
    }
  }
}
